
Microsoft Visual Studio Solution File, Format Version 12.00
# Visual Studio Version 17
VisualStudioVersion = 17.6.33815.320
MinimumVisualStudioVersion = 10.0.40219.1
Project("{FAE04EC0-301F-11D3-BF4B-00C04F79EFBC}") = "Biblioteca", "Biblioteca\Biblioteca.csproj", "{63652C70-A88C-49D6-B522-F40465114A77}"
EndProject
Global
	GlobalSection(SolutionConfigurationPlatforms) = preSolution
		Debug|Any CPU = Debug|Any CPU
		Release|Any CPU = Release|Any CPU
	EndGlobalSection
	GlobalSection(ProjectConfigurationPlatforms) = postSolution
		{63652C70-A88C-49D6-B522-F40465114A77}.Debug|Any CPU.ActiveCfg = Debug|Any CPU
		{63652C70-A88C-49D6-B522-F40465114A77}.Debug|Any CPU.Build.0 = Debug|Any CPU
		{63652C70-A88C-49D6-B522-F40465114A77}.Release|Any CPU.ActiveCfg = Release|Any CPU
		{63652C70-A88C-49D6-B522-F40465114A77}.Release|Any CPU.Build.0 = Release|Any CPU
	EndGlobalSection
	GlobalSection(SolutionProperties) = preSolution
		HideSolutionNode = FALSE
	EndGlobalSection
	GlobalSection(ExtensibilityGlobals) = postSolution
		SolutionGuid = {85C950E4-FC66-450F-B3FA-D9606632B2B7}
	EndGlobalSection
EndGlobal
